
Microsoft Visual Studio Solution File, Format Version 12.00
# Visual Studio Version 17
VisualStudioVersion = 17.12.35707.178
MinimumVisualStudioVersion = 10.0.40219.1
Project("{FAE04EC0-301F-11D3-BF4B-00C04F79EFBC}") = "POsWebAPITesting", "POsWebAPITesting.csproj", "{524343E3-4490-457E-BD1F-6380A4FFC63D}"
EndProject
Global
	GlobalSection(SolutionConfigurationPlatforms) = preSolution
		Debug|Any CPU = Debug|Any CPU
		Release|Any CPU = Release|Any CPU
	EndGlobalSection
	GlobalSection(ProjectConfigurationPlatforms) = postSolution
		{524343E3-4490-457E-BD1F-6380A4FFC63D}.Debug|Any CPU.ActiveCfg = Debug|Any CPU
		{524343E3-4490-457E-BD1F-6380A4FFC63D}.Debug|Any CPU.Build.0 = Debug|Any CPU
		{524343E3-4490-457E-BD1F-6380A4FFC63D}.Release|Any CPU.ActiveCfg = Release|Any CPU
		{524343E3-4490-457E-BD1F-6380A4FFC63D}.Release|Any CPU.Build.0 = Release|Any CPU
	EndGlobalSection
	GlobalSection(SolutionProperties) = preSolution
		HideSolutionNode = FALSE
	EndGlobalSection
	GlobalSection(ExtensibilityGlobals) = postSolution
		SolutionGuid = {3BBE0B29-A9A8-41FA-90FC-D55EA91AB209}
	EndGlobalSection
EndGlobal
